
Microsoft Visual Studio Solution File, Format Version 12.00
# Visual Studio 14
VisualStudioVersion = 14.0.25420.1
MinimumVisualStudioVersion = 10.0.40219.1
Project("{8BC9CEB8-8B4A-11D0-8D11-00A0C91BC942}") = "FriendEngine", "..\FriendEngine\FriendEngine\FriendEngine.vcxproj", "{9235A06A-384F-4E5B-8D31-4787C1334907}"
	ProjectSection(ProjectDependencies) = postProject
		{4DD14679-B7D2-49D9-9074-4E7E43ED38B6} = {4DD14679-B7D2-49D9-9074-4E7E43ED38B6}
	EndProjectSection
EndProject
Project("{8BC9CEB8-8B4A-11D0-8D11-00A0C91BC942}") = "libBrainDecoding", "..\libBrainDecoding\libBrainDecoding\libBrainDecoding.vcxproj", "{2319E5C2-4755-4F3C-AAEF-8281942DD0A3}"
	ProjectSection(ProjectDependencies) = postProject
		{4DD14679-B7D2-49D9-9074-4E7E43ED38B6} = {4DD14679-B7D2-49D9-9074-4E7E43ED38B6}
	EndProjectSection
EndProject
Project("{8BC9CEB8-8B4A-11D0-8D11-00A0C91BC942}") = "libConnectivity", "..\libConnectivity\libConnectivity\libConnectivity.vcxproj", "{512A099A-6D5B-49C5-B22E-30B34703C506}"
	ProjectSection(ProjectDependencies) = postProject
		{4DD14679-B7D2-49D9-9074-4E7E43ED38B6} = {4DD14679-B7D2-49D9-9074-4E7E43ED38B6}
	EndProjectSection
EndProject
Project("{8BC9CEB8-8B4A-11D0-8D11-00A0C91BC942}") = "libMotor", "..\libMotor\libMotor\libMotor.vcxproj", "{06397ED9-0E18-42E1-84FB-7B6C0D429F71}"
	ProjectSection(ProjectDependencies) = postProject
		{4DD14679-B7D2-49D9-9074-4E7E43ED38B6} = {4DD14679-B7D2-49D9-9074-4E7E43ED38B6}
	EndProjectSection
EndProject
Project("{8BC9CEB8-8B4A-11D0-8D11-00A0C91BC942}") = "libROI", "..\libROI\libROI\libROI.vcxproj", "{8DA608B0-7E42-4F37-BD3A-9B82E36A5476}"
	ProjectSection(ProjectDependencies) = postProject
		{4DD14679-B7D2-49D9-9074-4E7E43ED38B6} = {4DD14679-B7D2-49D9-9074-4E7E43ED38B6}
	EndProjectSection
EndProject
Project("{8BC9CEB8-8B4A-11D0-8D11-00A0C91BC942}") = "gdlib2015", "..\..\..\..\fsl\gdlib\gdlib\gdlib2015.vcxproj", "{4DD14679-B7D2-49D9-9074-4E7E43ED38B6}"
EndProject
Global
	GlobalSection(SolutionConfigurationPlatforms) = preSolution
		Debug|Win32 = Debug|Win32
		Debug|x64 = Debug|x64
		Release|Win32 = Release|Win32
		Release|x64 = Release|x64
	EndGlobalSection
	GlobalSection(ProjectConfigurationPlatforms) = postSolution
		{9235A06A-384F-4E5B-8D31-4787C1334907}.Debug|Win32.ActiveCfg = Debug|Win32
		{9235A06A-384F-4E5B-8D31-4787C1334907}.Debug|Win32.Build.0 = Debug|Win32
		{9235A06A-384F-4E5B-8D31-4787C1334907}.Debug|x64.ActiveCfg = Debug|x64
		{9235A06A-384F-4E5B-8D31-4787C1334907}.Debug|x64.Build.0 = Debug|x64
		{9235A06A-384F-4E5B-8D31-4787C1334907}.Release|Win32.ActiveCfg = Release|Win32
		{9235A06A-384F-4E5B-8D31-4787C1334907}.Release|Win32.Build.0 = Release|Win32
		{9235A06A-384F-4E5B-8D31-4787C1334907}.Release|x64.ActiveCfg = Release|x64
		{9235A06A-384F-4E5B-8D31-4787C1334907}.Release|x64.Build.0 = Release|x64
		{2319E5C2-4755-4F3C-AAEF-8281942DD0A3}.Debug|Win32.ActiveCfg = Debug|Win32
		{2319E5C2-4755-4F3C-AAEF-8281942DD0A3}.Debug|Win32.Build.0 = Debug|Win32
		{2319E5C2-4755-4F3C-AAEF-8281942DD0A3}.Debug|x64.ActiveCfg = Debug|x64
		{2319E5C2-4755-4F3C-AAEF-8281942DD0A3}.Debug|x64.Build.0 = Debug|x64
		{2319E5C2-4755-4F3C-AAEF-8281942DD0A3}.Release|Win32.ActiveCfg = Release|Win32
		{2319E5C2-4755-4F3C-AAEF-8281942DD0A3}.Release|Win32.Build.0 = Release|Win32
		{2319E5C2-4755-4F3C-AAEF-8281942DD0A3}.Release|x64.ActiveCfg = Release|x64
		{2319E5C2-4755-4F3C-AAEF-8281942DD0A3}.Release|x64.Build.0 = Release|x64
		{512A099A-6D5B-49C5-B22E-30B34703C506}.Debug|Win32.ActiveCfg = Debug|Win32
		{512A099A-6D5B-49C5-B22E-30B34703C506}.Debug|Win32.Build.0 = Debug|Win32
		{512A099A-6D5B-49C5-B22E-30B34703C506}.Debug|x64.ActiveCfg = Debug|x64
		{512A099A-6D5B-49C5-B22E-30B34703C506}.Debug|x64.Build.0 = Debug|x64
		{512A099A-6D5B-49C5-B22E-30B34703C506}.Release|Win32.ActiveCfg = Release|Win32
		{512A099A-6D5B-49C5-B22E-30B34703C506}.Release|Win32.Build.0 = Release|Win32
		{512A099A-6D5B-49C5-B22E-30B34703C506}.Release|x64.ActiveCfg = Release|x64
		{512A099A-6D5B-49C5-B22E-30B34703C506}.Release|x64.Build.0 = Release|x64
		{06397ED9-0E18-42E1-84FB-7B6C0D429F71}.Debug|Win32.ActiveCfg = Debug|Win32
		{06397ED9-0E18-42E1-84FB-7B6C0D429F71}.Debug|Win32.Build.0 = Debug|Win32
		{06397ED9-0E18-42E1-84FB-7B6C0D429F71}.Debug|x64.ActiveCfg = Debug|x64
		{06397ED9-0E18-42E1-84FB-7B6C0D429F71}.Debug|x64.Build.0 = Debug|x64
		{06397ED9-0E18-42E1-84FB-7B6C0D429F71}.Release|Win32.ActiveCfg = Release|Win32
		{06397ED9-0E18-42E1-84FB-7B6C0D429F71}.Release|Win32.Build.0 = Release|Win32
		{06397ED9-0E18-42E1-84FB-7B6C0D429F71}.Release|x64.ActiveCfg = Release|x64
		{06397ED9-0E18-42E1-84FB-7B6C0D429F71}.Release|x64.Build.0 = Release|x64
		{8DA608B0-7E42-4F37-BD3A-9B82E36A5476}.Debug|Win32.ActiveCfg = Debug|Win32
		{8DA608B0-7E42-4F37-BD3A-9B82E36A5476}.Debug|Win32.Build.0 = Debug|Win32
		{8DA608B0-7E42-4F37-BD3A-9B82E36A5476}.Debug|x64.ActiveCfg = Debug|x64
		{8DA608B0-7E42-4F37-BD3A-9B82E36A5476}.Debug|x64.Build.0 = Debug|x64
		{8DA608B0-7E42-4F37-BD3A-9B82E36A5476}.Release|Win32.ActiveCfg = Release|Win32
		{8DA608B0-7E42-4F37-BD3A-9B82E36A5476}.Release|Win32.Build.0 = Release|Win32
		{8DA608B0-7E42-4F37-BD3A-9B82E36A5476}.Release|x64.ActiveCfg = Release|x64
		{8DA608B0-7E42-4F37-BD3A-9B82E36A5476}.Release|x64.Build.0 = Release|x64
		{4DD14679-B7D2-49D9-9074-4E7E43ED38B6}.Debug|Win32.ActiveCfg = Debug|Win32
		{4DD14679-B7D2-49D9-9074-4E7E43ED38B6}.Debug|Win32.Build.0 = Debug|Win32
		{4DD14679-B7D2-49D9-9074-4E7E43ED38B6}.Debug|x64.ActiveCfg = Debug|x64
		{4DD14679-B7D2-49D9-9074-4E7E43ED38B6}.Debug|x64.Build.0 = Debug|x64
		{4DD14679-B7D2-49D9-9074-4E7E43ED38B6}.Release|Win32.ActiveCfg = Release|Win32
		{4DD14679-B7D2-49D9-9074-4E7E43ED38B6}.Release|Win32.Build.0 = Release|Win32
		{4DD14679-B7D2-49D9-9074-4E7E43ED38B6}.Release|x64.ActiveCfg = Release|x64
		{4DD14679-B7D2-49D9-9074-4E7E43ED38B6}.Release|x64.Build.0 = Release|x64
	EndGlobalSection
	GlobalSection(SolutionProperties) = preSolution
		HideSolutionNode = FALSE
	EndGlobalSection
EndGlobal
