<?xml version="1.0" encoding="utf-8"?>
<Project ToolsVersion="4.0" xmlns="http://schemas.microsoft.com/developer/msbuild/2003">
  <ItemGroup>
    <Filter Include="Source Files">
      <UniqueIdentifier>{4FC737F1-C7A5-4376-A066-2A32D752A2FF}</UniqueIdentifier>
      <Extensions>cpp;c;cc;cxx;def;odl;idl;hpj;bat;asm;asmx</Extensions>
    </Filter>
    <Filter Include="Header Files">
      <UniqueIdentifier>{93995380-89BD-4b04-88EB-625FBE52EBFB}</UniqueIdentifier>
      <Extensions>h;hh;hpp;hxx;hm;inl;inc;xsd</Extensions>
    </Filter>
    <Filter Include="Resource Files">
      <UniqueIdentifier>{67DA6AB6-F800-4c08-8B7A-83BB121AAD01}</UniqueIdentifier>
      <Extensions>rc;ico;cur;bmp;dlg;rc2;rct;bin;rgs;gif;jpg;jpeg;jpe;resx;tiff;tif;png;wav;mfcribbon-ms</Extensions>
    </Filter>
  </ItemGroup>
  <ItemGroup>
    <ClCompile Include="..\..\..\Friend_Engine_Sources\Friend_Engine_Sources\alglib\alglibinternal.cpp">
      <Filter>Source Files</Filter>
    </ClCompile>
    <ClCompile Include="..\..\..\Friend_Engine_Sources\Friend_Engine_Sources\alglib\alglibmisc.cpp">
      <Filter>Source Files</Filter>
    </ClCompile>
    <ClCompile Include="..\..\..\Friend_Engine_Sources\Friend_Engine_Sources\alglib\ap.cpp">
      <Filter>Source Files</Filter>
    </ClCompile>
    <ClCompile Include="..\..\..\Friend_Engine_Sources\Friend_Engine_Sources\alglib\dataanalysis.cpp">
      <Filter>Source Files</Filter>
    </ClCompile>
    <ClCompile Include="..\..\..\Friend_Engine_Sources\Friend_Engine_Sources\alglib\diffequations.cpp">
      <Filter>Source Files</Filter>
    </ClCompile>
    <ClCompile Include="..\..\..\Friend_Engine_Sources\Friend_Engine_Sources\alglib\fasttransforms.cpp">
      <Filter>Source Files</Filter>
    </ClCompile>
    <ClCompile Include="..\..\..\Friend_Engine_Sources\Friend_Engine_Sources\alglib\integration.cpp">
      <Filter>Source Files</Filter>
    </ClCompile>
    <ClCompile Include="..\..\..\Friend_Engine_Sources\Friend_Engine_Sources\alglib\interpolation.cpp">
      <Filter>Source Files</Filter>
    </ClCompile>
    <ClCompile Include="..\..\..\Friend_Engine_Sources\Friend_Engine_Sources\alglib\linalg.cpp">
      <Filter>Source Files</Filter>
    </ClCompile>
    <ClCompile Include="..\..\..\Friend_Engine_Sources\Friend_Engine_Sources\alglib\optimization.cpp">
      <Filter>Source Files</Filter>
    </ClCompile>
    <ClCompile Include="..\..\..\Friend_Engine_Sources\Friend_Engine_Sources\alglib\solvers.cpp">
      <Filter>Source Files</Filter>
    </ClCompile>
    <ClCompile Include="..\..\..\Friend_Engine_Sources\Friend_Engine_Sources\alglib\specialfunctions.cpp">
      <Filter>Source Files</Filter>
    </ClCompile>
    <ClCompile Include="..\..\..\Friend_Engine_Sources\Friend_Engine_Sources\alglib\statistics.cpp">
      <Filter>Source Files</Filter>
    </ClCompile>
  </ItemGroup>
  <ItemGroup>
    <ClInclude Include="..\..\..\Friend_Engine_Sources\Friend_Engine_Sources\alglib\alglibinternal.h">
      <Filter>Source Files</Filter>
    </ClInclude>
    <ClInclude Include="..\..\..\Friend_Engine_Sources\Friend_Engine_Sources\alglib\alglibmisc.h">
      <Filter>Source Files</Filter>
    </ClInclude>
    <ClInclude Include="..\..\..\Friend_Engine_Sources\Friend_Engine_Sources\alglib\ap.h">
      <Filter>Source Files</Filter>
    </ClInclude>
    <ClInclude Include="..\..\..\Friend_Engine_Sources\Friend_Engine_Sources\alglib\dataanalysis.h">
      <Filter>Source Files</Filter>
    </ClInclude>
    <ClInclude Include="..\..\..\Friend_Engine_Sources\Friend_Engine_Sources\alglib\diffequations.h">
      <Filter>Source Files</Filter>
    </ClInclude>
    <ClInclude Include="..\..\..\Friend_Engine_Sources\Friend_Engine_Sources\alglib\fasttransforms.h">
      <Filter>Source Files</Filter>
    </ClInclude>
    <ClInclude Include="..\..\..\Friend_Engine_Sources\Friend_Engine_Sources\alglib\integration.h">
      <Filter>Source Files</Filter>
    </ClInclude>
    <ClInclude Include="..\..\..\Friend_Engine_Sources\Friend_Engine_Sources\alglib\interpolation.h">
      <Filter>Source Files</Filter>
    </ClInclude>
    <ClInclude Include="..\..\..\Friend_Engine_Sources\Friend_Engine_Sources\alglib\linalg.h">
      <Filter>Source Files</Filter>
    </ClInclude>
    <ClInclude Include="..\..\..\Friend_Engine_Sources\Friend_Engine_Sources\alglib\optimization.h">
      <Filter>Source Files</Filter>
    </ClInclude>
    <ClInclude Include="..\..\..\Friend_Engine_Sources\Friend_Engine_Sources\alglib\solvers.h">
      <Filter>Source Files</Filter>
    </ClInclude>
    <ClInclude Include="..\..\..\Friend_Engine_Sources\Friend_Engine_Sources\alglib\specialfunctions.h">
      <Filter>Source Files</Filter>
    </ClInclude>
    <ClInclude Include="..\..\..\Friend_Engine_Sources\Friend_Engine_Sources\alglib\statistics.h">
      <Filter>Source Files</Filter>
    </ClInclude>
    <ClInclude Include="..\..\..\Friend_Engine_Sources\Friend_Engine_Sources\alglib\stdafx.h">
      <Filter>Source Files</Filter>
    </ClInclude>
  </ItemGroup>
</Project>