
Microsoft Visual Studio Solution File, Format Version 12.00
# Visual Studio 2013
VisualStudioVersion = 12.0.40629.0
MinimumVisualStudioVersion = 10.0.40219.1
Project("{8BC9CEB8-8B4A-11D0-8D11-00A0C91BC942}") = "FriendEngine", "..\FriendEngine\FriendEngine\FriendEngine.vcxproj", "{9235A06A-384F-4E5B-8D31-4787C1334907}"
	ProjectSection(ProjectDependencies) = postProject
		{F42A4419-A685-4957-B8FE-16E9B72A0E35} = {F42A4419-A685-4957-B8FE-16E9B72A0E35}
		{9EDDEE1D-4BA1-4794-93FC-B9DECB4E277C} = {9EDDEE1D-4BA1-4794-93FC-B9DECB4E277C}
		{6AF98029-08E5-4E90-B67B-CDE979CB8FBF} = {6AF98029-08E5-4E90-B67B-CDE979CB8FBF}
		{DDB05C31-0E52-4705-A333-F2BCA9EBA8BF} = {DDB05C31-0E52-4705-A333-F2BCA9EBA8BF}
		{9F5A6536-0B55-4DA5-98FF-5EF4677FE48A} = {9F5A6536-0B55-4DA5-98FF-5EF4677FE48A}
		{CC37244F-ADA8-429E-BCBF-F3F7742F229C} = {CC37244F-ADA8-429E-BCBF-F3F7742F229C}
		{9B19AD5A-4AF0-4ADC-9189-34FF9BD31708} = {9B19AD5A-4AF0-4ADC-9189-34FF9BD31708}
		{23555B63-D03F-4746-AE4D-98F9DA4F4B1D} = {23555B63-D03F-4746-AE4D-98F9DA4F4B1D}
		{0F5CBE6B-E0B1-4590-8D0B-2E48E33B102B} = {0F5CBE6B-E0B1-4590-8D0B-2E48E33B102B}
		{4DD14679-B7D2-49D9-9074-4E7E43ED38B6} = {4DD14679-B7D2-49D9-9074-4E7E43ED38B6}
		{EA11A985-6624-4C43-838F-4BDD496919BD} = {EA11A985-6624-4C43-838F-4BDD496919BD}
		{D4832DB6-34FB-4134-B956-74F79F5E2415} = {D4832DB6-34FB-4134-B956-74F79F5E2415}
		{31F973B7-3DE7-4D58-A409-6CE62745DF83} = {31F973B7-3DE7-4D58-A409-6CE62745DF83}
		{192F75C6-AA99-4F15-AF2A-5D8B716E79E4} = {192F75C6-AA99-4F15-AF2A-5D8B716E79E4}
		{60CB6CDD-CAB6-44A8-92DE-28426C860DC3} = {60CB6CDD-CAB6-44A8-92DE-28426C860DC3}
		{64BAB0E0-5CA0-44BD-9773-3FE09D6D63F4} = {64BAB0E0-5CA0-44BD-9773-3FE09D6D63F4}
		{FB9D68EE-9FA9-43FB-9D87-8EAA7E3A35FC} = {FB9D68EE-9FA9-43FB-9D87-8EAA7E3A35FC}
		{931734F1-3400-4B5E-A591-A2B6116BF289} = {931734F1-3400-4B5E-A591-A2B6116BF289}
	EndProjectSection
EndProject
Project("{8BC9CEB8-8B4A-11D0-8D11-00A0C91BC942}") = "libBrainDecoding", "..\libBrainDecoding\libBrainDecoding\libBrainDecoding.vcxproj", "{2319E5C2-4755-4F3C-AAEF-8281942DD0A3}"
	ProjectSection(ProjectDependencies) = postProject
		{F42A4419-A685-4957-B8FE-16E9B72A0E35} = {F42A4419-A685-4957-B8FE-16E9B72A0E35}
		{9EDDEE1D-4BA1-4794-93FC-B9DECB4E277C} = {9EDDEE1D-4BA1-4794-93FC-B9DECB4E277C}
		{6AF98029-08E5-4E90-B67B-CDE979CB8FBF} = {6AF98029-08E5-4E90-B67B-CDE979CB8FBF}
		{DDB05C31-0E52-4705-A333-F2BCA9EBA8BF} = {DDB05C31-0E52-4705-A333-F2BCA9EBA8BF}
		{9F5A6536-0B55-4DA5-98FF-5EF4677FE48A} = {9F5A6536-0B55-4DA5-98FF-5EF4677FE48A}
		{CC37244F-ADA8-429E-BCBF-F3F7742F229C} = {CC37244F-ADA8-429E-BCBF-F3F7742F229C}
		{9B19AD5A-4AF0-4ADC-9189-34FF9BD31708} = {9B19AD5A-4AF0-4ADC-9189-34FF9BD31708}
		{23555B63-D03F-4746-AE4D-98F9DA4F4B1D} = {23555B63-D03F-4746-AE4D-98F9DA4F4B1D}
		{0F5CBE6B-E0B1-4590-8D0B-2E48E33B102B} = {0F5CBE6B-E0B1-4590-8D0B-2E48E33B102B}
		{4DD14679-B7D2-49D9-9074-4E7E43ED38B6} = {4DD14679-B7D2-49D9-9074-4E7E43ED38B6}
		{EA11A985-6624-4C43-838F-4BDD496919BD} = {EA11A985-6624-4C43-838F-4BDD496919BD}
		{D4832DB6-34FB-4134-B956-74F79F5E2415} = {D4832DB6-34FB-4134-B956-74F79F5E2415}
		{31F973B7-3DE7-4D58-A409-6CE62745DF83} = {31F973B7-3DE7-4D58-A409-6CE62745DF83}
		{192F75C6-AA99-4F15-AF2A-5D8B716E79E4} = {192F75C6-AA99-4F15-AF2A-5D8B716E79E4}
		{60CB6CDD-CAB6-44A8-92DE-28426C860DC3} = {60CB6CDD-CAB6-44A8-92DE-28426C860DC3}
		{64BAB0E0-5CA0-44BD-9773-3FE09D6D63F4} = {64BAB0E0-5CA0-44BD-9773-3FE09D6D63F4}
		{931734F1-3400-4B5E-A591-A2B6116BF289} = {931734F1-3400-4B5E-A591-A2B6116BF289}
	EndProjectSection
EndProject
Project("{8BC9CEB8-8B4A-11D0-8D11-00A0C91BC942}") = "libConnectivity", "..\libConnectivity\libConnectivity\libConnectivity.vcxproj", "{512A099A-6D5B-49C5-B22E-30B34703C506}"
	ProjectSection(ProjectDependencies) = postProject
		{F42A4419-A685-4957-B8FE-16E9B72A0E35} = {F42A4419-A685-4957-B8FE-16E9B72A0E35}
		{9EDDEE1D-4BA1-4794-93FC-B9DECB4E277C} = {9EDDEE1D-4BA1-4794-93FC-B9DECB4E277C}
		{6AF98029-08E5-4E90-B67B-CDE979CB8FBF} = {6AF98029-08E5-4E90-B67B-CDE979CB8FBF}
		{DDB05C31-0E52-4705-A333-F2BCA9EBA8BF} = {DDB05C31-0E52-4705-A333-F2BCA9EBA8BF}
		{9F5A6536-0B55-4DA5-98FF-5EF4677FE48A} = {9F5A6536-0B55-4DA5-98FF-5EF4677FE48A}
		{CC37244F-ADA8-429E-BCBF-F3F7742F229C} = {CC37244F-ADA8-429E-BCBF-F3F7742F229C}
		{9B19AD5A-4AF0-4ADC-9189-34FF9BD31708} = {9B19AD5A-4AF0-4ADC-9189-34FF9BD31708}
		{23555B63-D03F-4746-AE4D-98F9DA4F4B1D} = {23555B63-D03F-4746-AE4D-98F9DA4F4B1D}
		{0F5CBE6B-E0B1-4590-8D0B-2E48E33B102B} = {0F5CBE6B-E0B1-4590-8D0B-2E48E33B102B}
		{4DD14679-B7D2-49D9-9074-4E7E43ED38B6} = {4DD14679-B7D2-49D9-9074-4E7E43ED38B6}
		{EA11A985-6624-4C43-838F-4BDD496919BD} = {EA11A985-6624-4C43-838F-4BDD496919BD}
		{D4832DB6-34FB-4134-B956-74F79F5E2415} = {D4832DB6-34FB-4134-B956-74F79F5E2415}
		{31F973B7-3DE7-4D58-A409-6CE62745DF83} = {31F973B7-3DE7-4D58-A409-6CE62745DF83}
		{192F75C6-AA99-4F15-AF2A-5D8B716E79E4} = {192F75C6-AA99-4F15-AF2A-5D8B716E79E4}
		{60CB6CDD-CAB6-44A8-92DE-28426C860DC3} = {60CB6CDD-CAB6-44A8-92DE-28426C860DC3}
		{64BAB0E0-5CA0-44BD-9773-3FE09D6D63F4} = {64BAB0E0-5CA0-44BD-9773-3FE09D6D63F4}
		{931734F1-3400-4B5E-A591-A2B6116BF289} = {931734F1-3400-4B5E-A591-A2B6116BF289}
	EndProjectSection
EndProject
Project("{8BC9CEB8-8B4A-11D0-8D11-00A0C91BC942}") = "libROI", "..\libROI\libROI\libROI.vcxproj", "{8DA608B0-7E42-4F37-BD3A-9B82E36A5476}"
	ProjectSection(ProjectDependencies) = postProject
		{F42A4419-A685-4957-B8FE-16E9B72A0E35} = {F42A4419-A685-4957-B8FE-16E9B72A0E35}
		{9EDDEE1D-4BA1-4794-93FC-B9DECB4E277C} = {9EDDEE1D-4BA1-4794-93FC-B9DECB4E277C}
		{6AF98029-08E5-4E90-B67B-CDE979CB8FBF} = {6AF98029-08E5-4E90-B67B-CDE979CB8FBF}
		{DDB05C31-0E52-4705-A333-F2BCA9EBA8BF} = {DDB05C31-0E52-4705-A333-F2BCA9EBA8BF}
		{9F5A6536-0B55-4DA5-98FF-5EF4677FE48A} = {9F5A6536-0B55-4DA5-98FF-5EF4677FE48A}
		{CC37244F-ADA8-429E-BCBF-F3F7742F229C} = {CC37244F-ADA8-429E-BCBF-F3F7742F229C}
		{9B19AD5A-4AF0-4ADC-9189-34FF9BD31708} = {9B19AD5A-4AF0-4ADC-9189-34FF9BD31708}
		{23555B63-D03F-4746-AE4D-98F9DA4F4B1D} = {23555B63-D03F-4746-AE4D-98F9DA4F4B1D}
		{0F5CBE6B-E0B1-4590-8D0B-2E48E33B102B} = {0F5CBE6B-E0B1-4590-8D0B-2E48E33B102B}
		{4DD14679-B7D2-49D9-9074-4E7E43ED38B6} = {4DD14679-B7D2-49D9-9074-4E7E43ED38B6}
		{EA11A985-6624-4C43-838F-4BDD496919BD} = {EA11A985-6624-4C43-838F-4BDD496919BD}
		{D4832DB6-34FB-4134-B956-74F79F5E2415} = {D4832DB6-34FB-4134-B956-74F79F5E2415}
		{31F973B7-3DE7-4D58-A409-6CE62745DF83} = {31F973B7-3DE7-4D58-A409-6CE62745DF83}
		{192F75C6-AA99-4F15-AF2A-5D8B716E79E4} = {192F75C6-AA99-4F15-AF2A-5D8B716E79E4}
		{60CB6CDD-CAB6-44A8-92DE-28426C860DC3} = {60CB6CDD-CAB6-44A8-92DE-28426C860DC3}
		{64BAB0E0-5CA0-44BD-9773-3FE09D6D63F4} = {64BAB0E0-5CA0-44BD-9773-3FE09D6D63F4}
		{931734F1-3400-4B5E-A591-A2B6116BF289} = {931734F1-3400-4B5E-A591-A2B6116BF289}
	EndProjectSection
EndProject
Project("{8BC9CEB8-8B4A-11D0-8D11-00A0C91BC942}") = "gdlib", "..\..\..\fsl\gdlib\gdlib\gdlib.vcxproj", "{4DD14679-B7D2-49D9-9074-4E7E43ED38B6}"
EndProject
Project("{8BC9CEB8-8B4A-11D0-8D11-00A0C91BC942}") = "fslio", "..\..\..\EngineLibs\fslio\fslio\fslio.vcxproj", "{9EDDEE1D-4BA1-4794-93FC-B9DECB4E277C}"
EndProject
Project("{8BC9CEB8-8B4A-11D0-8D11-00A0C91BC942}") = "miscmaths", "..\..\..\EngineLibs\miscmaths\miscmaths\miscmaths.vcxproj", "{CC37244F-ADA8-429E-BCBF-F3F7742F229C}"
EndProject
Project("{8BC9CEB8-8B4A-11D0-8D11-00A0C91BC942}") = "newimage", "..\..\..\EngineLibs\newimage\newimage\newimage.vcxproj", "{DDB05C31-0E52-4705-A333-F2BCA9EBA8BF}"
EndProject
Project("{8BC9CEB8-8B4A-11D0-8D11-00A0C91BC942}") = "Newmat", "..\..\..\EngineLibs\newmat\Newmat\Newmat.vcxproj", "{F42A4419-A685-4957-B8FE-16E9B72A0E35}"
EndProject
Project("{8BC9CEB8-8B4A-11D0-8D11-00A0C91BC942}") = "NIFTIIO", "..\..\..\EngineLibs\niftiio\NIFTIIO\NIFTIIO.vcxproj", "{D4832DB6-34FB-4134-B956-74F79F5E2415}"
EndProject
Project("{8BC9CEB8-8B4A-11D0-8D11-00A0C91BC942}") = "znzlib", "..\..\..\EngineLibs\znzlib\znzlib\znzlib.vcxproj", "{931734F1-3400-4B5E-A591-A2B6116BF289}"
EndProject
Project("{8BC9CEB8-8B4A-11D0-8D11-00A0C91BC942}") = "zlib", "..\..\..\EngineLibs\zlib\zlib\zlib.vcxproj", "{31F973B7-3DE7-4D58-A409-6CE62745DF83}"
EndProject
Project("{8BC9CEB8-8B4A-11D0-8D11-00A0C91BC942}") = "commandsLib", "..\..\..\EngineLibs\commandsLib\commandsLib\commandsLib.vcxproj", "{64BAB0E0-5CA0-44BD-9773-3FE09D6D63F4}"
EndProject
Project("{8BC9CEB8-8B4A-11D0-8D11-00A0C91BC942}") = "cprob", "..\..\..\EngineLibs\cprob\cprob\cprob.vcxproj", "{6AF98029-08E5-4E90-B67B-CDE979CB8FBF}"
EndProject
Project("{8BC9CEB8-8B4A-11D0-8D11-00A0C91BC942}") = "warpfns", "..\..\..\EngineLibs\warpfns\warpfns\warpfns.vcxproj", "{23555B63-D03F-4746-AE4D-98F9DA4F4B1D}"
EndProject
Project("{8BC9CEB8-8B4A-11D0-8D11-00A0C91BC942}") = "meshclass", "..\..\..\EngineLibs\meshclass\meshclass\meshclass.vcxproj", "{192F75C6-AA99-4F15-AF2A-5D8B716E79E4}"
EndProject
Project("{8BC9CEB8-8B4A-11D0-8D11-00A0C91BC942}") = "basisfield", "..\..\..\EngineLibs\basisfield\basisfield\basisfield.vcxproj", "{EA11A985-6624-4C43-838F-4BDD496919BD}"
EndProject
Project("{8BC9CEB8-8B4A-11D0-8D11-00A0C91BC942}") = "utils", "..\..\..\EngineLibs\utils\utils\utils.vcxproj", "{9B19AD5A-4AF0-4ADC-9189-34FF9BD31708}"
EndProject
Project("{8BC9CEB8-8B4A-11D0-8D11-00A0C91BC942}") = "alglib", "..\..\..\EngineLibs\alglib\alglib\alglib.vcxproj", "{9F5A6536-0B55-4DA5-98FF-5EF4677FE48A}"
EndProject
Project("{8BC9CEB8-8B4A-11D0-8D11-00A0C91BC942}") = "miscplot", "..\..\..\EngineLibs\miscplot\miscplot\miscplot.vcxproj", "{60CB6CDD-CAB6-44A8-92DE-28426C860DC3}"
EndProject
Project("{2150E333-8FDC-42A3-9474-1A3956D46DE8}") = "othersLibs", "othersLibs", "{11C7130E-7216-48FE-B1D6-8714F25361FD}"
EndProject
Project("{8BC9CEB8-8B4A-11D0-8D11-00A0C91BC942}") = "corelib", "..\coreLib\corelib\corelib.vcxproj", "{0F5CBE6B-E0B1-4590-8D0B-2E48E33B102B}"
EndProject
Project("{8BC9CEB8-8B4A-11D0-8D11-00A0C91BC942}") = "dcm2niilib", "..\dcm2niiLib\dcm2niilib\dcm2niilib.vcxproj", "{FB9D68EE-9FA9-43FB-9D87-8EAA7E3A35FC}"
EndProject
Global
	GlobalSection(SolutionConfigurationPlatforms) = preSolution
		Debug|Win32 = Debug|Win32
		Debug|x64 = Debug|x64
		Release|Win32 = Release|Win32
		Release|x64 = Release|x64
	EndGlobalSection
	GlobalSection(ProjectConfigurationPlatforms) = postSolution
		{9235A06A-384F-4E5B-8D31-4787C1334907}.Debug|Win32.ActiveCfg = Debug|Win32
		{9235A06A-384F-4E5B-8D31-4787C1334907}.Debug|Win32.Build.0 = Debug|Win32
		{9235A06A-384F-4E5B-8D31-4787C1334907}.Debug|x64.ActiveCfg = Debug|x64
		{9235A06A-384F-4E5B-8D31-4787C1334907}.Debug|x64.Build.0 = Debug|x64
		{9235A06A-384F-4E5B-8D31-4787C1334907}.Release|Win32.ActiveCfg = Release|Win32
		{9235A06A-384F-4E5B-8D31-4787C1334907}.Release|Win32.Build.0 = Release|Win32
		{9235A06A-384F-4E5B-8D31-4787C1334907}.Release|x64.ActiveCfg = Release|x64
		{9235A06A-384F-4E5B-8D31-4787C1334907}.Release|x64.Build.0 = Release|x64
		{2319E5C2-4755-4F3C-AAEF-8281942DD0A3}.Debug|Win32.ActiveCfg = Debug|Win32
		{2319E5C2-4755-4F3C-AAEF-8281942DD0A3}.Debug|Win32.Build.0 = Debug|Win32
		{2319E5C2-4755-4F3C-AAEF-8281942DD0A3}.Debug|x64.ActiveCfg = Debug|x64
		{2319E5C2-4755-4F3C-AAEF-8281942DD0A3}.Debug|x64.Build.0 = Debug|x64
		{2319E5C2-4755-4F3C-AAEF-8281942DD0A3}.Release|Win32.ActiveCfg = Release|Win32
		{2319E5C2-4755-4F3C-AAEF-8281942DD0A3}.Release|Win32.Build.0 = Release|Win32
		{2319E5C2-4755-4F3C-AAEF-8281942DD0A3}.Release|x64.ActiveCfg = Release|x64
		{2319E5C2-4755-4F3C-AAEF-8281942DD0A3}.Release|x64.Build.0 = Release|x64
		{512A099A-6D5B-49C5-B22E-30B34703C506}.Debug|Win32.ActiveCfg = Debug|Win32
		{512A099A-6D5B-49C5-B22E-30B34703C506}.Debug|Win32.Build.0 = Debug|Win32
		{512A099A-6D5B-49C5-B22E-30B34703C506}.Debug|x64.ActiveCfg = Debug|x64
		{512A099A-6D5B-49C5-B22E-30B34703C506}.Debug|x64.Build.0 = Debug|x64
		{512A099A-6D5B-49C5-B22E-30B34703C506}.Release|Win32.ActiveCfg = Release|Win32
		{512A099A-6D5B-49C5-B22E-30B34703C506}.Release|Win32.Build.0 = Release|Win32
		{512A099A-6D5B-49C5-B22E-30B34703C506}.Release|x64.ActiveCfg = Release|x64
		{512A099A-6D5B-49C5-B22E-30B34703C506}.Release|x64.Build.0 = Release|x64
		{8DA608B0-7E42-4F37-BD3A-9B82E36A5476}.Debug|Win32.ActiveCfg = Debug|Win32
		{8DA608B0-7E42-4F37-BD3A-9B82E36A5476}.Debug|Win32.Build.0 = Debug|Win32
		{8DA608B0-7E42-4F37-BD3A-9B82E36A5476}.Debug|x64.ActiveCfg = Debug|x64
		{8DA608B0-7E42-4F37-BD3A-9B82E36A5476}.Debug|x64.Build.0 = Debug|x64
		{8DA608B0-7E42-4F37-BD3A-9B82E36A5476}.Release|Win32.ActiveCfg = Release|Win32
		{8DA608B0-7E42-4F37-BD3A-9B82E36A5476}.Release|Win32.Build.0 = Release|Win32
		{8DA608B0-7E42-4F37-BD3A-9B82E36A5476}.Release|x64.ActiveCfg = Release|x64
		{8DA608B0-7E42-4F37-BD3A-9B82E36A5476}.Release|x64.Build.0 = Release|x64
		{4DD14679-B7D2-49D9-9074-4E7E43ED38B6}.Debug|Win32.ActiveCfg = Debug|Win32
		{4DD14679-B7D2-49D9-9074-4E7E43ED38B6}.Debug|Win32.Build.0 = Debug|Win32
		{4DD14679-B7D2-49D9-9074-4E7E43ED38B6}.Debug|x64.ActiveCfg = Debug|x64
		{4DD14679-B7D2-49D9-9074-4E7E43ED38B6}.Debug|x64.Build.0 = Debug|x64
		{4DD14679-B7D2-49D9-9074-4E7E43ED38B6}.Release|Win32.ActiveCfg = Release|Win32
		{4DD14679-B7D2-49D9-9074-4E7E43ED38B6}.Release|Win32.Build.0 = Release|Win32
		{4DD14679-B7D2-49D9-9074-4E7E43ED38B6}.Release|x64.ActiveCfg = Release|x64
		{4DD14679-B7D2-49D9-9074-4E7E43ED38B6}.Release|x64.Build.0 = Release|x64
		{9EDDEE1D-4BA1-4794-93FC-B9DECB4E277C}.Debug|Win32.ActiveCfg = Debug|Win32
		{9EDDEE1D-4BA1-4794-93FC-B9DECB4E277C}.Debug|Win32.Build.0 = Debug|Win32
		{9EDDEE1D-4BA1-4794-93FC-B9DECB4E277C}.Debug|x64.ActiveCfg = Debug|x64
		{9EDDEE1D-4BA1-4794-93FC-B9DECB4E277C}.Debug|x64.Build.0 = Debug|x64
		{9EDDEE1D-4BA1-4794-93FC-B9DECB4E277C}.Release|Win32.ActiveCfg = Release|Win32
		{9EDDEE1D-4BA1-4794-93FC-B9DECB4E277C}.Release|Win32.Build.0 = Release|Win32
		{9EDDEE1D-4BA1-4794-93FC-B9DECB4E277C}.Release|x64.ActiveCfg = Release|x64
		{9EDDEE1D-4BA1-4794-93FC-B9DECB4E277C}.Release|x64.Build.0 = Release|x64
		{CC37244F-ADA8-429E-BCBF-F3F7742F229C}.Debug|Win32.ActiveCfg = Debug|Win32
		{CC37244F-ADA8-429E-BCBF-F3F7742F229C}.Debug|Win32.Build.0 = Debug|Win32
		{CC37244F-ADA8-429E-BCBF-F3F7742F229C}.Debug|x64.ActiveCfg = Debug|x64
		{CC37244F-ADA8-429E-BCBF-F3F7742F229C}.Debug|x64.Build.0 = Debug|x64
		{CC37244F-ADA8-429E-BCBF-F3F7742F229C}.Release|Win32.ActiveCfg = Release|Win32
		{CC37244F-ADA8-429E-BCBF-F3F7742F229C}.Release|Win32.Build.0 = Release|Win32
		{CC37244F-ADA8-429E-BCBF-F3F7742F229C}.Release|x64.ActiveCfg = Release|x64
		{CC37244F-ADA8-429E-BCBF-F3F7742F229C}.Release|x64.Build.0 = Release|x64
		{DDB05C31-0E52-4705-A333-F2BCA9EBA8BF}.Debug|Win32.ActiveCfg = Debug|Win32
		{DDB05C31-0E52-4705-A333-F2BCA9EBA8BF}.Debug|Win32.Build.0 = Debug|Win32
		{DDB05C31-0E52-4705-A333-F2BCA9EBA8BF}.Debug|x64.ActiveCfg = Debug|x64
		{DDB05C31-0E52-4705-A333-F2BCA9EBA8BF}.Debug|x64.Build.0 = Debug|x64
		{DDB05C31-0E52-4705-A333-F2BCA9EBA8BF}.Release|Win32.ActiveCfg = Release|Win32
		{DDB05C31-0E52-4705-A333-F2BCA9EBA8BF}.Release|Win32.Build.0 = Release|Win32
		{DDB05C31-0E52-4705-A333-F2BCA9EBA8BF}.Release|x64.ActiveCfg = Release|x64
		{DDB05C31-0E52-4705-A333-F2BCA9EBA8BF}.Release|x64.Build.0 = Release|x64
		{F42A4419-A685-4957-B8FE-16E9B72A0E35}.Debug|Win32.ActiveCfg = Debug|Win32
		{F42A4419-A685-4957-B8FE-16E9B72A0E35}.Debug|Win32.Build.0 = Debug|Win32
		{F42A4419-A685-4957-B8FE-16E9B72A0E35}.Debug|x64.ActiveCfg = Debug|x64
		{F42A4419-A685-4957-B8FE-16E9B72A0E35}.Debug|x64.Build.0 = Debug|x64
		{F42A4419-A685-4957-B8FE-16E9B72A0E35}.Release|Win32.ActiveCfg = Release|Win32
		{F42A4419-A685-4957-B8FE-16E9B72A0E35}.Release|Win32.Build.0 = Release|Win32
		{F42A4419-A685-4957-B8FE-16E9B72A0E35}.Release|x64.ActiveCfg = Release|x64
		{F42A4419-A685-4957-B8FE-16E9B72A0E35}.Release|x64.Build.0 = Release|x64
		{D4832DB6-34FB-4134-B956-74F79F5E2415}.Debug|Win32.ActiveCfg = Debug|Win32
		{D4832DB6-34FB-4134-B956-74F79F5E2415}.Debug|Win32.Build.0 = Debug|Win32
		{D4832DB6-34FB-4134-B956-74F79F5E2415}.Debug|x64.ActiveCfg = Debug|x64
		{D4832DB6-34FB-4134-B956-74F79F5E2415}.Debug|x64.Build.0 = Debug|x64
		{D4832DB6-34FB-4134-B956-74F79F5E2415}.Release|Win32.ActiveCfg = Release|Win32
		{D4832DB6-34FB-4134-B956-74F79F5E2415}.Release|Win32.Build.0 = Release|Win32
		{D4832DB6-34FB-4134-B956-74F79F5E2415}.Release|x64.ActiveCfg = Release|x64
		{D4832DB6-34FB-4134-B956-74F79F5E2415}.Release|x64.Build.0 = Release|x64
		{931734F1-3400-4B5E-A591-A2B6116BF289}.Debug|Win32.ActiveCfg = Debug|Win32
		{931734F1-3400-4B5E-A591-A2B6116BF289}.Debug|Win32.Build.0 = Debug|Win32
		{931734F1-3400-4B5E-A591-A2B6116BF289}.Debug|x64.ActiveCfg = Debug|x64
		{931734F1-3400-4B5E-A591-A2B6116BF289}.Debug|x64.Build.0 = Debug|x64
		{931734F1-3400-4B5E-A591-A2B6116BF289}.Release|Win32.ActiveCfg = Release|Win32
		{931734F1-3400-4B5E-A591-A2B6116BF289}.Release|Win32.Build.0 = Release|Win32
		{931734F1-3400-4B5E-A591-A2B6116BF289}.Release|x64.ActiveCfg = Release|x64
		{931734F1-3400-4B5E-A591-A2B6116BF289}.Release|x64.Build.0 = Release|x64
		{31F973B7-3DE7-4D58-A409-6CE62745DF83}.Debug|Win32.ActiveCfg = Debug|Win32
		{31F973B7-3DE7-4D58-A409-6CE62745DF83}.Debug|Win32.Build.0 = Debug|Win32
		{31F973B7-3DE7-4D58-A409-6CE62745DF83}.Debug|x64.ActiveCfg = Debug|x64
		{31F973B7-3DE7-4D58-A409-6CE62745DF83}.Debug|x64.Build.0 = Debug|x64
		{31F973B7-3DE7-4D58-A409-6CE62745DF83}.Release|Win32.ActiveCfg = Release|Win32
		{31F973B7-3DE7-4D58-A409-6CE62745DF83}.Release|Win32.Build.0 = Release|Win32
		{31F973B7-3DE7-4D58-A409-6CE62745DF83}.Release|x64.ActiveCfg = Release|x64
		{31F973B7-3DE7-4D58-A409-6CE62745DF83}.Release|x64.Build.0 = Release|x64
		{64BAB0E0-5CA0-44BD-9773-3FE09D6D63F4}.Debug|Win32.ActiveCfg = Debug|Win32
		{64BAB0E0-5CA0-44BD-9773-3FE09D6D63F4}.Debug|Win32.Build.0 = Debug|Win32
		{64BAB0E0-5CA0-44BD-9773-3FE09D6D63F4}.Debug|x64.ActiveCfg = Debug|x64
		{64BAB0E0-5CA0-44BD-9773-3FE09D6D63F4}.Debug|x64.Build.0 = Debug|x64
		{64BAB0E0-5CA0-44BD-9773-3FE09D6D63F4}.Release|Win32.ActiveCfg = Release|Win32
		{64BAB0E0-5CA0-44BD-9773-3FE09D6D63F4}.Release|Win32.Build.0 = Release|Win32
		{64BAB0E0-5CA0-44BD-9773-3FE09D6D63F4}.Release|x64.ActiveCfg = Release|x64
		{64BAB0E0-5CA0-44BD-9773-3FE09D6D63F4}.Release|x64.Build.0 = Release|x64
		{6AF98029-08E5-4E90-B67B-CDE979CB8FBF}.Debug|Win32.ActiveCfg = Debug|Win32
		{6AF98029-08E5-4E90-B67B-CDE979CB8FBF}.Debug|Win32.Build.0 = Debug|Win32
		{6AF98029-08E5-4E90-B67B-CDE979CB8FBF}.Debug|x64.ActiveCfg = Debug|x64
		{6AF98029-08E5-4E90-B67B-CDE979CB8FBF}.Debug|x64.Build.0 = Debug|x64
		{6AF98029-08E5-4E90-B67B-CDE979CB8FBF}.Release|Win32.ActiveCfg = Release|Win32
		{6AF98029-08E5-4E90-B67B-CDE979CB8FBF}.Release|Win32.Build.0 = Release|Win32
		{6AF98029-08E5-4E90-B67B-CDE979CB8FBF}.Release|x64.ActiveCfg = Release|x64
		{6AF98029-08E5-4E90-B67B-CDE979CB8FBF}.Release|x64.Build.0 = Release|x64
		{23555B63-D03F-4746-AE4D-98F9DA4F4B1D}.Debug|Win32.ActiveCfg = Debug|Win32
		{23555B63-D03F-4746-AE4D-98F9DA4F4B1D}.Debug|Win32.Build.0 = Debug|Win32
		{23555B63-D03F-4746-AE4D-98F9DA4F4B1D}.Debug|x64.ActiveCfg = Debug|x64
		{23555B63-D03F-4746-AE4D-98F9DA4F4B1D}.Debug|x64.Build.0 = Debug|x64
		{23555B63-D03F-4746-AE4D-98F9DA4F4B1D}.Release|Win32.ActiveCfg = Release|Win32
		{23555B63-D03F-4746-AE4D-98F9DA4F4B1D}.Release|Win32.Build.0 = Release|Win32
		{23555B63-D03F-4746-AE4D-98F9DA4F4B1D}.Release|x64.ActiveCfg = Release|x64
		{23555B63-D03F-4746-AE4D-98F9DA4F4B1D}.Release|x64.Build.0 = Release|x64
		{192F75C6-AA99-4F15-AF2A-5D8B716E79E4}.Debug|Win32.ActiveCfg = Debug|Win32
		{192F75C6-AA99-4F15-AF2A-5D8B716E79E4}.Debug|Win32.Build.0 = Debug|Win32
		{192F75C6-AA99-4F15-AF2A-5D8B716E79E4}.Debug|x64.ActiveCfg = Debug|x64
		{192F75C6-AA99-4F15-AF2A-5D8B716E79E4}.Debug|x64.Build.0 = Debug|x64
		{192F75C6-AA99-4F15-AF2A-5D8B716E79E4}.Release|Win32.ActiveCfg = Release|Win32
		{192F75C6-AA99-4F15-AF2A-5D8B716E79E4}.Release|Win32.Build.0 = Release|Win32
		{192F75C6-AA99-4F15-AF2A-5D8B716E79E4}.Release|x64.ActiveCfg = Release|x64
		{192F75C6-AA99-4F15-AF2A-5D8B716E79E4}.Release|x64.Build.0 = Release|x64
		{EA11A985-6624-4C43-838F-4BDD496919BD}.Debug|Win32.ActiveCfg = Debug|Win32
		{EA11A985-6624-4C43-838F-4BDD496919BD}.Debug|Win32.Build.0 = Debug|Win32
		{EA11A985-6624-4C43-838F-4BDD496919BD}.Debug|x64.ActiveCfg = Debug|x64
		{EA11A985-6624-4C43-838F-4BDD496919BD}.Debug|x64.Build.0 = Debug|x64
		{EA11A985-6624-4C43-838F-4BDD496919BD}.Release|Win32.ActiveCfg = Release|Win32
		{EA11A985-6624-4C43-838F-4BDD496919BD}.Release|Win32.Build.0 = Release|Win32
		{EA11A985-6624-4C43-838F-4BDD496919BD}.Release|x64.ActiveCfg = Release|x64
		{EA11A985-6624-4C43-838F-4BDD496919BD}.Release|x64.Build.0 = Release|x64
		{9B19AD5A-4AF0-4ADC-9189-34FF9BD31708}.Debug|Win32.ActiveCfg = Debug|Win32
		{9B19AD5A-4AF0-4ADC-9189-34FF9BD31708}.Debug|Win32.Build.0 = Debug|Win32
		{9B19AD5A-4AF0-4ADC-9189-34FF9BD31708}.Debug|x64.ActiveCfg = Debug|x64
		{9B19AD5A-4AF0-4ADC-9189-34FF9BD31708}.Debug|x64.Build.0 = Debug|x64
		{9B19AD5A-4AF0-4ADC-9189-34FF9BD31708}.Release|Win32.ActiveCfg = Release|Win32
		{9B19AD5A-4AF0-4ADC-9189-34FF9BD31708}.Release|Win32.Build.0 = Release|Win32
		{9B19AD5A-4AF0-4ADC-9189-34FF9BD31708}.Release|x64.ActiveCfg = Release|x64
		{9B19AD5A-4AF0-4ADC-9189-34FF9BD31708}.Release|x64.Build.0 = Release|x64
		{9F5A6536-0B55-4DA5-98FF-5EF4677FE48A}.Debug|Win32.ActiveCfg = Debug|Win32
		{9F5A6536-0B55-4DA5-98FF-5EF4677FE48A}.Debug|Win32.Build.0 = Debug|Win32
		{9F5A6536-0B55-4DA5-98FF-5EF4677FE48A}.Debug|x64.ActiveCfg = Debug|x64
		{9F5A6536-0B55-4DA5-98FF-5EF4677FE48A}.Debug|x64.Build.0 = Debug|x64
		{9F5A6536-0B55-4DA5-98FF-5EF4677FE48A}.Release|Win32.ActiveCfg = Release|Win32
		{9F5A6536-0B55-4DA5-98FF-5EF4677FE48A}.Release|Win32.Build.0 = Release|Win32
		{9F5A6536-0B55-4DA5-98FF-5EF4677FE48A}.Release|x64.ActiveCfg = Release|x64
		{9F5A6536-0B55-4DA5-98FF-5EF4677FE48A}.Release|x64.Build.0 = Release|x64
		{60CB6CDD-CAB6-44A8-92DE-28426C860DC3}.Debug|Win32.ActiveCfg = Debug|Win32
		{60CB6CDD-CAB6-44A8-92DE-28426C860DC3}.Debug|Win32.Build.0 = Debug|Win32
		{60CB6CDD-CAB6-44A8-92DE-28426C860DC3}.Debug|x64.ActiveCfg = Debug|x64
		{60CB6CDD-CAB6-44A8-92DE-28426C860DC3}.Debug|x64.Build.0 = Debug|x64
		{60CB6CDD-CAB6-44A8-92DE-28426C860DC3}.Release|Win32.ActiveCfg = Release|Win32
		{60CB6CDD-CAB6-44A8-92DE-28426C860DC3}.Release|Win32.Build.0 = Release|Win32
		{60CB6CDD-CAB6-44A8-92DE-28426C860DC3}.Release|x64.ActiveCfg = Release|x64
		{60CB6CDD-CAB6-44A8-92DE-28426C860DC3}.Release|x64.Build.0 = Release|x64
		{0F5CBE6B-E0B1-4590-8D0B-2E48E33B102B}.Debug|Win32.ActiveCfg = Debug|Win32
		{0F5CBE6B-E0B1-4590-8D0B-2E48E33B102B}.Debug|Win32.Build.0 = Debug|Win32
		{0F5CBE6B-E0B1-4590-8D0B-2E48E33B102B}.Debug|x64.ActiveCfg = Debug|x64
		{0F5CBE6B-E0B1-4590-8D0B-2E48E33B102B}.Debug|x64.Build.0 = Debug|x64
		{0F5CBE6B-E0B1-4590-8D0B-2E48E33B102B}.Release|Win32.ActiveCfg = Release|Win32
		{0F5CBE6B-E0B1-4590-8D0B-2E48E33B102B}.Release|Win32.Build.0 = Release|Win32
		{0F5CBE6B-E0B1-4590-8D0B-2E48E33B102B}.Release|x64.ActiveCfg = Release|x64
		{0F5CBE6B-E0B1-4590-8D0B-2E48E33B102B}.Release|x64.Build.0 = Release|x64
		{FB9D68EE-9FA9-43FB-9D87-8EAA7E3A35FC}.Debug|Win32.ActiveCfg = Debug|Win32
		{FB9D68EE-9FA9-43FB-9D87-8EAA7E3A35FC}.Debug|Win32.Build.0 = Debug|Win32
		{FB9D68EE-9FA9-43FB-9D87-8EAA7E3A35FC}.Debug|x64.ActiveCfg = Debug|x64
		{FB9D68EE-9FA9-43FB-9D87-8EAA7E3A35FC}.Debug|x64.Build.0 = Debug|x64
		{FB9D68EE-9FA9-43FB-9D87-8EAA7E3A35FC}.Release|Win32.ActiveCfg = Release|Win32
		{FB9D68EE-9FA9-43FB-9D87-8EAA7E3A35FC}.Release|Win32.Build.0 = Release|Win32
		{FB9D68EE-9FA9-43FB-9D87-8EAA7E3A35FC}.Release|x64.ActiveCfg = Release|x64
		{FB9D68EE-9FA9-43FB-9D87-8EAA7E3A35FC}.Release|x64.Build.0 = Release|x64
	EndGlobalSection
	GlobalSection(SolutionProperties) = preSolution
		HideSolutionNode = FALSE
	EndGlobalSection
	GlobalSection(NestedProjects) = preSolution
		{4DD14679-B7D2-49D9-9074-4E7E43ED38B6} = {11C7130E-7216-48FE-B1D6-8714F25361FD}
		{9EDDEE1D-4BA1-4794-93FC-B9DECB4E277C} = {11C7130E-7216-48FE-B1D6-8714F25361FD}
		{CC37244F-ADA8-429E-BCBF-F3F7742F229C} = {11C7130E-7216-48FE-B1D6-8714F25361FD}
		{DDB05C31-0E52-4705-A333-F2BCA9EBA8BF} = {11C7130E-7216-48FE-B1D6-8714F25361FD}
		{F42A4419-A685-4957-B8FE-16E9B72A0E35} = {11C7130E-7216-48FE-B1D6-8714F25361FD}
		{D4832DB6-34FB-4134-B956-74F79F5E2415} = {11C7130E-7216-48FE-B1D6-8714F25361FD}
		{931734F1-3400-4B5E-A591-A2B6116BF289} = {11C7130E-7216-48FE-B1D6-8714F25361FD}
		{31F973B7-3DE7-4D58-A409-6CE62745DF83} = {11C7130E-7216-48FE-B1D6-8714F25361FD}
		{64BAB0E0-5CA0-44BD-9773-3FE09D6D63F4} = {11C7130E-7216-48FE-B1D6-8714F25361FD}
		{6AF98029-08E5-4E90-B67B-CDE979CB8FBF} = {11C7130E-7216-48FE-B1D6-8714F25361FD}
		{23555B63-D03F-4746-AE4D-98F9DA4F4B1D} = {11C7130E-7216-48FE-B1D6-8714F25361FD}
		{192F75C6-AA99-4F15-AF2A-5D8B716E79E4} = {11C7130E-7216-48FE-B1D6-8714F25361FD}
		{EA11A985-6624-4C43-838F-4BDD496919BD} = {11C7130E-7216-48FE-B1D6-8714F25361FD}
		{9B19AD5A-4AF0-4ADC-9189-34FF9BD31708} = {11C7130E-7216-48FE-B1D6-8714F25361FD}
		{9F5A6536-0B55-4DA5-98FF-5EF4677FE48A} = {11C7130E-7216-48FE-B1D6-8714F25361FD}
		{60CB6CDD-CAB6-44A8-92DE-28426C860DC3} = {11C7130E-7216-48FE-B1D6-8714F25361FD}
		{0F5CBE6B-E0B1-4590-8D0B-2E48E33B102B} = {11C7130E-7216-48FE-B1D6-8714F25361FD}
		{FB9D68EE-9FA9-43FB-9D87-8EAA7E3A35FC} = {11C7130E-7216-48FE-B1D6-8714F25361FD}
	EndGlobalSection
EndGlobal
