<?xml version="1.0" encoding="utf-8"?>
<Project ToolsVersion="4.0" xmlns="http://schemas.microsoft.com/developer/msbuild/2003">
  <ItemGroup>
    <Filter Include="Source Files">
      <UniqueIdentifier>{4FC737F1-C7A5-4376-A066-2A32D752A2FF}</UniqueIdentifier>
      <Extensions>cpp;c;cc;cxx;def;odl;idl;hpj;bat;asm;asmx</Extensions>
    </Filter>
    <Filter Include="Header Files">
      <UniqueIdentifier>{93995380-89BD-4b04-88EB-625FBE52EBFB}</UniqueIdentifier>
      <Extensions>h;hpp;hxx;hm;inl;inc;xsd</Extensions>
    </Filter>
    <Filter Include="Resource Files">
      <UniqueIdentifier>{67DA6AB6-F800-4c08-8B7A-83BB121AAD01}</UniqueIdentifier>
      <Extensions>rc;ico;cur;bmp;dlg;rc2;rct;bin;rgs;gif;jpg;jpeg;jpe;resx;tiff;tif;png;wav</Extensions>
    </Filter>
  </ItemGroup>
  <ItemGroup>
    <ClCompile Include="..\..\zlib\adler32.c">
      <Filter>Source Files</Filter>
    </ClCompile>
    <ClCompile Include="..\..\gd\array_alloc.c">
      <Filter>Source Files</Filter>
    </ClCompile>
    <ClCompile Include="..\..\zlib\compress.c">
      <Filter>Source Files</Filter>
    </ClCompile>
    <ClCompile Include="..\..\zlib\crc32.c">
      <Filter>Source Files</Filter>
    </ClCompile>
    <ClCompile Include="..\..\zlib\deflate.c">
      <Filter>Source Files</Filter>
    </ClCompile>
    <ClCompile Include="..\..\zlib\example.c">
      <Filter>Source Files</Filter>
    </ClCompile>
    <ClCompile Include="..\..\gd\gd.c">
      <Filter>Source Files</Filter>
    </ClCompile>
    <ClCompile Include="..\..\gd\gd_gd.c">
      <Filter>Source Files</Filter>
    </ClCompile>
    <ClCompile Include="..\..\gd\gd_gd2.c">
      <Filter>Source Files</Filter>
    </ClCompile>
    <ClCompile Include="..\..\gd\gd_gif_in.c">
      <Filter>Source Files</Filter>
    </ClCompile>
    <ClCompile Include="..\..\gd\gd_gif_out.c">
      <Filter>Source Files</Filter>
    </ClCompile>
    <ClCompile Include="..\..\gd\gd_io.c">
      <Filter>Source Files</Filter>
    </ClCompile>
    <ClCompile Include="..\..\gd\gd_io_dp.c">
      <Filter>Source Files</Filter>
    </ClCompile>
    <ClCompile Include="..\..\gd\gd_io_file.c">
      <Filter>Source Files</Filter>
    </ClCompile>
    <ClCompile Include="..\..\gd\gd_io_ss.c">
      <Filter>Source Files</Filter>
    </ClCompile>
    <ClCompile Include="..\..\gd\gd_jpeg.c">
      <Filter>Source Files</Filter>
    </ClCompile>
    <ClCompile Include="..\..\gd\gd_png.c">
      <Filter>Source Files</Filter>
    </ClCompile>
    <ClCompile Include="..\..\gd\gd_security.c">
      <Filter>Source Files</Filter>
    </ClCompile>
    <ClCompile Include="..\..\gd\gd_ss.c">
      <Filter>Source Files</Filter>
    </ClCompile>
    <ClCompile Include="..\..\gd\gd_topal.c">
      <Filter>Source Files</Filter>
    </ClCompile>
    <ClCompile Include="..\..\gd\gd_wbmp.c">
      <Filter>Source Files</Filter>
    </ClCompile>
    <ClCompile Include="..\..\gd\gdc.c">
      <Filter>Source Files</Filter>
    </ClCompile>
    <ClCompile Include="..\..\gd\gdc_pie.c">
      <Filter>Source Files</Filter>
    </ClCompile>
    <ClCompile Include="..\..\gd\gdcache.c">
      <Filter>Source Files</Filter>
    </ClCompile>
    <ClCompile Include="..\..\gd\gdchart.c">
      <Filter>Source Files</Filter>
    </ClCompile>
    <ClCompile Include="..\..\gd\gdfontg.c">
      <Filter>Source Files</Filter>
    </ClCompile>
    <ClCompile Include="..\..\gd\gdfontl.c">
      <Filter>Source Files</Filter>
    </ClCompile>
    <ClCompile Include="..\..\gd\gdfontmb.c">
      <Filter>Source Files</Filter>
    </ClCompile>
    <ClCompile Include="..\..\gd\gdfonts.c">
      <Filter>Source Files</Filter>
    </ClCompile>
    <ClCompile Include="..\..\gd\gdfontt.c">
      <Filter>Source Files</Filter>
    </ClCompile>
    <ClCompile Include="..\..\gd\gdft.c">
      <Filter>Source Files</Filter>
    </ClCompile>
    <ClCompile Include="..\..\gd\gdfx.c">
      <Filter>Source Files</Filter>
    </ClCompile>
    <ClCompile Include="..\..\gd\gdhelpers.c">
      <Filter>Source Files</Filter>
    </ClCompile>
    <ClCompile Include="..\..\gd\gdkanji.c">
      <Filter>Source Files</Filter>
    </ClCompile>
    <ClCompile Include="..\..\gd\gdtables.c">
      <Filter>Source Files</Filter>
    </ClCompile>
    <ClCompile Include="..\..\gd\gdxpm.c">
      <Filter>Source Files</Filter>
    </ClCompile>
    <ClCompile Include="..\..\zlib\gzclose.c">
      <Filter>Source Files</Filter>
    </ClCompile>
    <ClCompile Include="..\..\zlib\gzlib.c">
      <Filter>Source Files</Filter>
    </ClCompile>
    <ClCompile Include="..\..\zlib\gzread.c">
      <Filter>Source Files</Filter>
    </ClCompile>
    <ClCompile Include="..\..\zlib\gzwrite.c">
      <Filter>Source Files</Filter>
    </ClCompile>
    <ClCompile Include="..\..\zlib\infback.c">
      <Filter>Source Files</Filter>
    </ClCompile>
    <ClCompile Include="..\..\zlib\inffast.c">
      <Filter>Source Files</Filter>
    </ClCompile>
    <ClCompile Include="..\..\zlib\inflate.c">
      <Filter>Source Files</Filter>
    </ClCompile>
    <ClCompile Include="..\..\zlib\inftrees.c">
      <Filter>Source Files</Filter>
    </ClCompile>
    <ClCompile Include="..\..\gd\mtables.c">
      <Filter>Source Files</Filter>
    </ClCompile>
    <ClCompile Include="..\..\gd\png.c">
      <Filter>Source Files</Filter>
    </ClCompile>
    <ClCompile Include="..\..\gd\pngerror.c">
      <Filter>Source Files</Filter>
    </ClCompile>
    <ClCompile Include="..\..\gd\pngget.c">
      <Filter>Source Files</Filter>
    </ClCompile>
    <ClCompile Include="..\..\gd\pngmem.c">
      <Filter>Source Files</Filter>
    </ClCompile>
    <ClCompile Include="..\..\gd\pngpread.c">
      <Filter>Source Files</Filter>
    </ClCompile>
    <ClCompile Include="..\..\gd\pngread.c">
      <Filter>Source Files</Filter>
    </ClCompile>
    <ClCompile Include="..\..\gd\pngrio.c">
      <Filter>Source Files</Filter>
    </ClCompile>
    <ClCompile Include="..\..\gd\pngrtran.c">
      <Filter>Source Files</Filter>
    </ClCompile>
    <ClCompile Include="..\..\gd\pngrutil.c">
      <Filter>Source Files</Filter>
    </ClCompile>
    <ClCompile Include="..\..\gd\pngset.c">
      <Filter>Source Files</Filter>
    </ClCompile>
    <ClCompile Include="..\..\gd\pngtrans.c">
      <Filter>Source Files</Filter>
    </ClCompile>
    <ClCompile Include="..\..\gd\pngwio.c">
      <Filter>Source Files</Filter>
    </ClCompile>
    <ClCompile Include="..\..\gd\pngwrite.c">
      <Filter>Source Files</Filter>
    </ClCompile>
    <ClCompile Include="..\..\gd\pngwtran.c">
      <Filter>Source Files</Filter>
    </ClCompile>
    <ClCompile Include="..\..\gd\pngwutil.c">
      <Filter>Source Files</Filter>
    </ClCompile>
    <ClCompile Include="..\..\gd\price_conv.c">
      <Filter>Source Files</Filter>
    </ClCompile>
    <ClCompile Include="..\..\gd\strlcpy.c">
      <Filter>Source Files</Filter>
    </ClCompile>
    <ClCompile Include="..\..\zlib\trees.c">
      <Filter>Source Files</Filter>
    </ClCompile>
    <ClCompile Include="..\..\zlib\uncompr.c">
      <Filter>Source Files</Filter>
    </ClCompile>
    <ClCompile Include="..\..\gd\wbmp.c">
      <Filter>Source Files</Filter>
    </ClCompile>
    <ClCompile Include="..\..\zlib\zutil.c">
      <Filter>Source Files</Filter>
    </ClCompile>
  </ItemGroup>
  <ItemGroup>
    <ClInclude Include="..\..\gd\array_alloc.h">
      <Filter>Header Files</Filter>
    </ClInclude>
    <ClInclude Include="..\..\zlib\crc32.h">
      <Filter>Header Files</Filter>
    </ClInclude>
    <ClInclude Include="..\..\zlib\deflate.h">
      <Filter>Header Files</Filter>
    </ClInclude>
    <ClInclude Include="..\..\gd\entities.h">
      <Filter>Header Files</Filter>
    </ClInclude>
    <ClInclude Include="..\..\gd\gd.h">
      <Filter>Header Files</Filter>
    </ClInclude>
    <ClInclude Include="..\..\gd\gd_io.h">
      <Filter>Header Files</Filter>
    </ClInclude>
    <ClInclude Include="..\..\gd\gdc.h">
      <Filter>Header Files</Filter>
    </ClInclude>
    <ClInclude Include="..\..\gd\gdcache.h">
      <Filter>Header Files</Filter>
    </ClInclude>
    <ClInclude Include="..\..\gd\gdchart.h">
      <Filter>Header Files</Filter>
    </ClInclude>
    <ClInclude Include="..\..\gd\gdcpie.h">
      <Filter>Header Files</Filter>
    </ClInclude>
    <ClInclude Include="..\..\gd\gdfontg.h">
      <Filter>Header Files</Filter>
    </ClInclude>
    <ClInclude Include="..\..\gd\gdfontl.h">
      <Filter>Header Files</Filter>
    </ClInclude>
    <ClInclude Include="..\..\gd\gdfontmb.h">
      <Filter>Header Files</Filter>
    </ClInclude>
    <ClInclude Include="..\..\gd\gdfonts.h">
      <Filter>Header Files</Filter>
    </ClInclude>
    <ClInclude Include="..\..\gd\gdfontt.h">
      <Filter>Header Files</Filter>
    </ClInclude>
    <ClInclude Include="..\..\gd\gdfx.h">
      <Filter>Header Files</Filter>
    </ClInclude>
    <ClInclude Include="..\..\gd\gdhelpers.h">
      <Filter>Header Files</Filter>
    </ClInclude>
    <ClInclude Include="..\..\zlib\gzguts.h">
      <Filter>Header Files</Filter>
    </ClInclude>
    <ClInclude Include="..\..\zlib\inffast.h">
      <Filter>Header Files</Filter>
    </ClInclude>
    <ClInclude Include="..\..\zlib\inffixed.h">
      <Filter>Header Files</Filter>
    </ClInclude>
    <ClInclude Include="..\..\zlib\inflate.h">
      <Filter>Header Files</Filter>
    </ClInclude>
    <ClInclude Include="..\..\zlib\inftrees.h">
      <Filter>Header Files</Filter>
    </ClInclude>
    <ClInclude Include="..\..\gd\png.h">
      <Filter>Header Files</Filter>
    </ClInclude>
    <ClInclude Include="..\..\gd\pngconf.h">
      <Filter>Header Files</Filter>
    </ClInclude>
    <ClInclude Include="..\..\gd\pngpriv.h">
      <Filter>Header Files</Filter>
    </ClInclude>
    <ClInclude Include="targetver.h">
      <Filter>Header Files</Filter>
    </ClInclude>
    <ClInclude Include="..\..\zlib\trees.h">
      <Filter>Header Files</Filter>
    </ClInclude>
    <ClInclude Include="..\..\gd\values.h">
      <Filter>Header Files</Filter>
    </ClInclude>
    <ClInclude Include="..\..\gd\wbmp.h">
      <Filter>Header Files</Filter>
    </ClInclude>
    <ClInclude Include="..\..\zlib\zconf.h">
      <Filter>Header Files</Filter>
    </ClInclude>
    <ClInclude Include="..\..\zlib\zlib.h">
      <Filter>Header Files</Filter>
    </ClInclude>
    <ClInclude Include="..\..\zlib\zutil.h">
      <Filter>Header Files</Filter>
    </ClInclude>
  </ItemGroup>
</Project>