<?xml version="1.0" encoding="utf-8"?>
<Project ToolsVersion="4.0" xmlns="http://schemas.microsoft.com/developer/msbuild/2003">
  <ItemGroup>
    <Filter Include="Header Files">
      <UniqueIdentifier>{93995380-89BD-4b04-88EB-625FBE52EBFB}</UniqueIdentifier>
      <Extensions>h;hpp;hxx;hm;inl;inc;xsd</Extensions>
    </Filter>
    <Filter Include="Resource Files">
      <UniqueIdentifier>{67DA6AB6-F800-4c08-8B7A-83BB121AAD01}</UniqueIdentifier>
      <Extensions>rc;ico;cur;bmp;dlg;rc2;rct;bin;rgs;gif;jpg;jpeg;jpe;resx;tiff;tif;png;wav</Extensions>
    </Filter>
    <Filter Include="dcm2niiInterface">
      <UniqueIdentifier>{21a2ab60-db00-4280-9460-b525131c414f}</UniqueIdentifier>
    </Filter>
    <Filter Include="main">
      <UniqueIdentifier>{4FC737F1-C7A5-4376-A066-2A32D752A2FF}</UniqueIdentifier>
      <Extensions>cpp;c;cc;cxx;def;odl;idl;hpj;bat;asm;asmx</Extensions>
    </Filter>
  </ItemGroup>
  <ItemGroup>
    <ClCompile Include="..\..\..\Friend_Engine_Sources\Friend_Engine\engine.cpp">
      <Filter>main</Filter>
    </ClCompile>
    <ClCompile Include="..\..\..\Friend_Engine_Sources\Friend_Engine\main.cpp">
      <Filter>main</Filter>
    </ClCompile>
    <ClCompile Include="..\..\..\Friend_Engine_Sources\Friend_Engine\process.cpp">
      <Filter>main</Filter>
    </ClCompile>
    <ClCompile Include="..\..\..\Friend_Engine_Sources\FRIEND_Engine\dcm2niiInterface.cpp">
      <Filter>dcm2niiInterface</Filter>
    </ClCompile>
  </ItemGroup>
  <ItemGroup>
    <ClInclude Include="..\..\Friend_Engine_Sources\Friend_Engine\cctypes.h">
      <Filter>Header Files</Filter>
    </ClInclude>
    <ClInclude Include="..\..\Friend_Engine_Sources\Friend_Engine\confusionmatrix.h">
      <Filter>Header Files</Filter>
    </ClInclude>
    <ClInclude Include="..\..\Friend_Engine_Sources\Friend_Engine\defs.h">
      <Filter>Header Files</Filter>
    </ClInclude>
    <ClInclude Include="..\..\Friend_Engine_Sources\Friend_Engine\engine.h">
      <Filter>Header Files</Filter>
    </ClInclude>
    <ClInclude Include="..\..\Friend_Engine_Sources\Friend_Engine\filefuncs.h">
      <Filter>Header Files</Filter>
    </ClInclude>
    <ClInclude Include="..\..\Friend_Engine_Sources\Friend_Engine\fslfuncs.h">
      <Filter>Header Files</Filter>
    </ClInclude>
    <ClInclude Include="..\..\..\fsl\flirt\globaloptions.h">
      <Filter>Header Files</Filter>
    </ClInclude>
    <ClInclude Include="..\..\Friend_Engine_Sources\Friend_Engine\intervals.h">
      <Filter>Header Files</Filter>
    </ClInclude>
    <ClInclude Include="..\..\Friend_Engine_Sources\PlugIn\masks.h">
      <Filter>Header Files</Filter>
    </ClInclude>
    <ClInclude Include="..\..\Friend_Engine_Sources\Friend_Engine\parser.h">
      <Filter>Header Files</Filter>
    </ClInclude>
    <ClInclude Include="..\..\Friend_Engine_Sources\Friend_Engine\PlugInHandler.h">
      <Filter>Header Files</Filter>
    </ClInclude>
    <ClInclude Include="..\..\Friend_Engine_Sources\Friend_Engine\process.h">
      <Filter>Header Files</Filter>
    </ClInclude>
    <ClInclude Include="..\..\Friend_Engine_Sources\Friend_Engine\session.h">
      <Filter>Header Files</Filter>
    </ClInclude>
    <ClInclude Include="..\..\Friend_Engine_Sources\simpleini\SimpleIni.h">
      <Filter>Header Files</Filter>
    </ClInclude>
    <ClInclude Include="..\..\Friend_Engine_Sources\Friend_Engine\socket.hpp">
      <Filter>Header Files</Filter>
    </ClInclude>
    <ClInclude Include="..\..\Friend_Engine_Sources\Friend_Engine\socket2.h">
      <Filter>Header Files</Filter>
    </ClInclude>
    <ClInclude Include="..\..\Friend_Engine_Sources\PlugIn\vardb.h">
      <Filter>Header Files</Filter>
    </ClInclude>
    <ClInclude Include="..\..\..\Friend_Engine_Sources\FRIEND_Engine\dcm2niiInterface.h">
      <Filter>dcm2niiInterface</Filter>
    </ClInclude>
    <ClInclude Include="..\..\..\Friend_Engine_Sources\FRIEND_Engine\logObject.h">
      <Filter>Header Files</Filter>
    </ClInclude>
  </ItemGroup>
</Project>